
Microsoft Visual Studio Solution File, Format Version 12.00
# Visual Studio Version 17
VisualStudioVersion = 17.1.32319.34
MinimumVisualStudioVersion = 10.0.40219.1
Project("{9A19103F-16F7-4668-BE54-9A1E7A4F7556}") = "Lombiq.HelpfulLibraries", "Lombiq.HelpfulLibraries\Lombiq.HelpfulLibraries.csproj", "{5F3379C7-ED6B-46AA-B6C3-17CBC2284417}"
EndProject
Project("{9A19103F-16F7-4668-BE54-9A1E7A4F7556}") = "Lombiq.HelpfulLibraries.LinqToDb", "Lombiq.HelpfulLibraries.LinqToDb\Lombiq.HelpfulLibraries.LinqToDb.csproj", "{5F4C7938-BBC4-4A44-83E1-2F33B7717A76}"
EndProject
Project("{9A19103F-16F7-4668-BE54-9A1E7A4F7556}") = "Lombiq.HelpfulLibraries.RestEase", "Lombiq.HelpfulLibraries.RestEase\Lombiq.HelpfulLibraries.RestEase.csproj", "{2D7174D1-88E0-4063-8139-C7FCCC9B3326}"
EndProject
Project("{9A19103F-16F7-4668-BE54-9A1E7A4F7556}") = "Lombiq.HelpfulLibraries.AspNetCore", "Lombiq.HelpfulLibraries.AspNetCore\Lombiq.HelpfulLibraries.AspNetCore.csproj", "{5E5E1E2F-8096-4B91-809B-5F86A3E8ADCA}"
EndProject
Project("{9A19103F-16F7-4668-BE54-9A1E7A4F7556}") = "Lombiq.HelpfulLibraries.OrchardCore", "Lombiq.HelpfulLibraries.OrchardCore\Lombiq.HelpfulLibraries.OrchardCore.csproj", "{741E56D8-C42C-4506-841E-DD2245B2E631}"
EndProject
Project("{9A19103F-16F7-4668-BE54-9A1E7A4F7556}") = "Lombiq.HelpfulLibraries.Common", "Lombiq.HelpfulLibraries.Common\Lombiq.HelpfulLibraries.Common.csproj", "{28D8FE01-5D8B-43EE-8B7A-927D3D3DC627}"
EndProject
Project("{9A19103F-16F7-4668-BE54-9A1E7A4F7556}") = "Lombiq.HelpfulLibraries.OrchardCore.Testing", "Lombiq.HelpfulLibraries.OrchardCore.Testing\Lombiq.HelpfulLibraries.OrchardCore.Testing.csproj", "{F87DC121-2ADD-458D-9E01-BC0032860188}"
EndProject
Project("{FAE04EC0-301F-11D3-BF4B-00C04F79EFBC}") = "Lombiq.HelpfulLibraries.Cli", "Lombiq.HelpfulLibraries.Cli\Lombiq.HelpfulLibraries.Cli.csproj", "{E4434D6F-7C4F-4CBD-AAA3-B57809DFF571}"
EndProject
Global
	GlobalSection(SolutionConfigurationPlatforms) = preSolution
		Debug|Any CPU = Debug|Any CPU
		Release|Any CPU = Release|Any CPU
	EndGlobalSection
	GlobalSection(ProjectConfigurationPlatforms) = postSolution
		{5F3379C7-ED6B-46AA-B6C3-17CBC2284417}.Debug|Any CPU.ActiveCfg = Debug|Any CPU
		{5F3379C7-ED6B-46AA-B6C3-17CBC2284417}.Debug|Any CPU.Build.0 = Debug|Any CPU
		{5F3379C7-ED6B-46AA-B6C3-17CBC2284417}.Release|Any CPU.ActiveCfg = Release|Any CPU
		{5F3379C7-ED6B-46AA-B6C3-17CBC2284417}.Release|Any CPU.Build.0 = Release|Any CPU
		{5F4C7938-BBC4-4A44-83E1-2F33B7717A76}.Debug|Any CPU.ActiveCfg = Debug|Any CPU
		{5F4C7938-BBC4-4A44-83E1-2F33B7717A76}.Debug|Any CPU.Build.0 = Debug|Any CPU
		{5F4C7938-BBC4-4A44-83E1-2F33B7717A76}.Release|Any CPU.ActiveCfg = Release|Any CPU
		{5F4C7938-BBC4-4A44-83E1-2F33B7717A76}.Release|Any CPU.Build.0 = Release|Any CPU
		{2D7174D1-88E0-4063-8139-C7FCCC9B3326}.Debug|Any CPU.ActiveCfg = Debug|Any CPU
		{2D7174D1-88E0-4063-8139-C7FCCC9B3326}.Debug|Any CPU.Build.0 = Debug|Any CPU
		{2D7174D1-88E0-4063-8139-C7FCCC9B3326}.Release|Any CPU.ActiveCfg = Release|Any CPU
		{2D7174D1-88E0-4063-8139-C7FCCC9B3326}.Release|Any CPU.Build.0 = Release|Any CPU
		{5E5E1E2F-8096-4B91-809B-5F86A3E8ADCA}.Debug|Any CPU.ActiveCfg = Debug|Any CPU
		{5E5E1E2F-8096-4B91-809B-5F86A3E8ADCA}.Debug|Any CPU.Build.0 = Debug|Any CPU
		{5E5E1E2F-8096-4B91-809B-5F86A3E8ADCA}.Release|Any CPU.ActiveCfg = Release|Any CPU
		{5E5E1E2F-8096-4B91-809B-5F86A3E8ADCA}.Release|Any CPU.Build.0 = Release|Any CPU
		{741E56D8-C42C-4506-841E-DD2245B2E631}.Debug|Any CPU.ActiveCfg = Debug|Any CPU
		{741E56D8-C42C-4506-841E-DD2245B2E631}.Debug|Any CPU.Build.0 = Debug|Any CPU
		{741E56D8-C42C-4506-841E-DD2245B2E631}.Release|Any CPU.ActiveCfg = Release|Any CPU
		{741E56D8-C42C-4506-841E-DD2245B2E631}.Release|Any CPU.Build.0 = Release|Any CPU
		{28D8FE01-5D8B-43EE-8B7A-927D3D3DC627}.Debug|Any CPU.ActiveCfg = Debug|Any CPU
		{28D8FE01-5D8B-43EE-8B7A-927D3D3DC627}.Debug|Any CPU.Build.0 = Debug|Any CPU
		{28D8FE01-5D8B-43EE-8B7A-927D3D3DC627}.Release|Any CPU.ActiveCfg = Release|Any CPU
		{28D8FE01-5D8B-43EE-8B7A-927D3D3DC627}.Release|Any CPU.Build.0 = Release|Any CPU
		{F87DC121-2ADD-458D-9E01-BC0032860188}.Debug|Any CPU.ActiveCfg = Debug|Any CPU
		{F87DC121-2ADD-458D-9E01-BC0032860188}.Debug|Any CPU.Build.0 = Debug|Any CPU
		{F87DC121-2ADD-458D-9E01-BC0032860188}.Release|Any CPU.ActiveCfg = Release|Any CPU
		{F87DC121-2ADD-458D-9E01-BC0032860188}.Release|Any CPU.Build.0 = Release|Any CPU
		{E4434D6F-7C4F-4CBD-AAA3-B57809DFF571}.Debug|Any CPU.ActiveCfg = Debug|Any CPU
		{E4434D6F-7C4F-4CBD-AAA3-B57809DFF571}.Debug|Any CPU.Build.0 = Debug|Any CPU
		{E4434D6F-7C4F-4CBD-AAA3-B57809DFF571}.Release|Any CPU.ActiveCfg = Release|Any CPU
		{E4434D6F-7C4F-4CBD-AAA3-B57809DFF571}.Release|Any CPU.Build.0 = Release|Any CPU
	EndGlobalSection
	GlobalSection(SolutionProperties) = preSolution
		HideSolutionNode = FALSE
	EndGlobalSection
	GlobalSection(ExtensibilityGlobals) = postSolution
		SolutionGuid = {5F8B26CF-89E9-487E-B4B0-643F1A109459}
	EndGlobalSection
EndGlobal
